
Microsoft Visual Studio Solution File, Format Version 12.00
# Visual Studio Version 17
VisualStudioVersion = 17.2.32526.322
MinimumVisualStudioVersion = 10.0.40219.1
Project("{FAE04EC0-301F-11D3-BF4B-00C04F79EFBC}") = "API", "API\API.csproj", "{A1566437-1EF6-490B-8311-12A851E9A947}"
EndProject
Global
	GlobalSection(SolutionConfigurationPlatforms) = preSolution
		Debug|Any CPU = Debug|Any CPU
		Release|Any CPU = Release|Any CPU
	EndGlobalSection
	GlobalSection(ProjectConfigurationPlatforms) = postSolution
		{A1566437-1EF6-490B-8311-12A851E9A947}.Debug|Any CPU.ActiveCfg = Debug|Any CPU
		{A1566437-1EF6-490B-8311-12A851E9A947}.Debug|Any CPU.Build.0 = Debug|Any CPU
		{A1566437-1EF6-490B-8311-12A851E9A947}.Release|Any CPU.ActiveCfg = Release|Any CPU
		{A1566437-1EF6-490B-8311-12A851E9A947}.Release|Any CPU.Build.0 = Release|Any CPU
	EndGlobalSection
	GlobalSection(SolutionProperties) = preSolution
		HideSolutionNode = FALSE
	EndGlobalSection
	GlobalSection(ExtensibilityGlobals) = postSolution
		SolutionGuid = {A66F00C5-842B-4940-8B52-4B454D4A25BC}
	EndGlobalSection
EndGlobal
